
Microsoft Visual Studio Solution File, Format Version 12.00
Project("{FAE04EC0-301F-11D3-BF4B-00C04F79EFBC}") = "group_18_assignment5", "group_18_assignment5.csproj", "{70AD0F70-ECF4-4FC2-841A-A96DE82CE756}"
EndProject
Global
	GlobalSection(SolutionConfigurationPlatforms) = preSolution
		Debug|Any CPU = Debug|Any CPU
		Release|Any CPU = Release|Any CPU
	EndGlobalSection
	GlobalSection(ProjectConfigurationPlatforms) = postSolution
		{70AD0F70-ECF4-4FC2-841A-A96DE82CE756}.Debug|Any CPU.ActiveCfg = Debug|Any CPU
		{70AD0F70-ECF4-4FC2-841A-A96DE82CE756}.Debug|Any CPU.Build.0 = Debug|Any CPU
		{70AD0F70-ECF4-4FC2-841A-A96DE82CE756}.Release|Any CPU.ActiveCfg = Release|Any CPU
		{70AD0F70-ECF4-4FC2-841A-A96DE82CE756}.Release|Any CPU.Build.0 = Release|Any CPU
	EndGlobalSection
EndGlobal
